
Microsoft Visual Studio Solution File, Format Version 12.00
# Visual Studio Version 17
VisualStudioVersion = 17.10.35122.118
MinimumVisualStudioVersion = 10.0.40219.1
Project("{FAE04EC0-301F-11D3-BF4B-00C04F79EFBC}") = "pr7", "pr7.csproj", "{DA7EEFA5-691C-4E44-BB7F-1A9540884395}"
EndProject
Global
	GlobalSection(SolutionConfigurationPlatforms) = preSolution
		Debug|Any CPU = Debug|Any CPU
		Release|Any CPU = Release|Any CPU
	EndGlobalSection
	GlobalSection(ProjectConfigurationPlatforms) = postSolution
		{DA7EEFA5-691C-4E44-BB7F-1A9540884395}.Debug|Any CPU.ActiveCfg = Debug|Any CPU
		{DA7EEFA5-691C-4E44-BB7F-1A9540884395}.Debug|Any CPU.Build.0 = Debug|Any CPU
		{DA7EEFA5-691C-4E44-BB7F-1A9540884395}.Release|Any CPU.ActiveCfg = Release|Any CPU
		{DA7EEFA5-691C-4E44-BB7F-1A9540884395}.Release|Any CPU.Build.0 = Release|Any CPU
	EndGlobalSection
	GlobalSection(SolutionProperties) = preSolution
		HideSolutionNode = FALSE
	EndGlobalSection
	GlobalSection(ExtensibilityGlobals) = postSolution
		SolutionGuid = {DBCEBD9E-CAFE-4BB6-833D-906C011F9094}
	EndGlobalSection
EndGlobal
