
Microsoft Visual Studio Solution File, Format Version 12.00
# Visual Studio Version 17
VisualStudioVersion = 17.10.35122.118
MinimumVisualStudioVersion = 10.0.40219.1
Project("{FAE04EC0-301F-11D3-BF4B-00C04F79EFBC}") = "pr5", "pr5.csproj", "{9913DF99-C0E5-4235-BABC-8B309FD37094}"
EndProject
Project("{FAE04EC0-301F-11D3-BF4B-00C04F79EFBC}") = "pr5.1", "..\pr5.1\pr5.1.csproj", "{F25486BA-E587-433F-9C28-C67EBA54E950}"
EndProject
Project("{FAE04EC0-301F-11D3-BF4B-00C04F79EFBC}") = "pr5.2", "..\pr5.2\pr5.2.csproj", "{8A14B824-4B87-4D37-9724-E43F36FCACB5}"
EndProject
Global
	GlobalSection(SolutionConfigurationPlatforms) = preSolution
		Debug|Any CPU = Debug|Any CPU
		Release|Any CPU = Release|Any CPU
	EndGlobalSection
	GlobalSection(ProjectConfigurationPlatforms) = postSolution
		{9913DF99-C0E5-4235-BABC-8B309FD37094}.Debug|Any CPU.ActiveCfg = Debug|Any CPU
		{9913DF99-C0E5-4235-BABC-8B309FD37094}.Debug|Any CPU.Build.0 = Debug|Any CPU
		{9913DF99-C0E5-4235-BABC-8B309FD37094}.Release|Any CPU.ActiveCfg = Release|Any CPU
		{9913DF99-C0E5-4235-BABC-8B309FD37094}.Release|Any CPU.Build.0 = Release|Any CPU
		{F25486BA-E587-433F-9C28-C67EBA54E950}.Debug|Any CPU.ActiveCfg = Debug|Any CPU
		{F25486BA-E587-433F-9C28-C67EBA54E950}.Debug|Any CPU.Build.0 = Debug|Any CPU
		{F25486BA-E587-433F-9C28-C67EBA54E950}.Release|Any CPU.ActiveCfg = Release|Any CPU
		{F25486BA-E587-433F-9C28-C67EBA54E950}.Release|Any CPU.Build.0 = Release|Any CPU
		{8A14B824-4B87-4D37-9724-E43F36FCACB5}.Debug|Any CPU.ActiveCfg = Debug|Any CPU
		{8A14B824-4B87-4D37-9724-E43F36FCACB5}.Debug|Any CPU.Build.0 = Debug|Any CPU
		{8A14B824-4B87-4D37-9724-E43F36FCACB5}.Release|Any CPU.ActiveCfg = Release|Any CPU
		{8A14B824-4B87-4D37-9724-E43F36FCACB5}.Release|Any CPU.Build.0 = Release|Any CPU
	EndGlobalSection
	GlobalSection(SolutionProperties) = preSolution
		HideSolutionNode = FALSE
	EndGlobalSection
	GlobalSection(ExtensibilityGlobals) = postSolution
		SolutionGuid = {61716F66-BF7F-41B7-87B7-A5A609FC897A}
	EndGlobalSection
EndGlobal
